
Microsoft Visual Studio Solution File, Format Version 12.00
# Visual Studio Version 17
VisualStudioVersion = 17.3.32901.215
MinimumVisualStudioVersion = 10.0.40219.1
Project("{FAE04EC0-301F-11D3-BF4B-00C04F79EFBC}") = "ClockArrowDegreeCalculator", "ClockArrowDegreeCalculator\ClockArrowDegreeCalculator.csproj", "{7F594DC1-DE53-4547-A4C1-5AAFCDF99B14}"
EndProject
Global
	GlobalSection(SolutionConfigurationPlatforms) = preSolution
		Debug|Any CPU = Debug|Any CPU
		Release|Any CPU = Release|Any CPU
	EndGlobalSection
	GlobalSection(ProjectConfigurationPlatforms) = postSolution
		{7F594DC1-DE53-4547-A4C1-5AAFCDF99B14}.Debug|Any CPU.ActiveCfg = Debug|Any CPU
		{7F594DC1-DE53-4547-A4C1-5AAFCDF99B14}.Debug|Any CPU.Build.0 = Debug|Any CPU
		{7F594DC1-DE53-4547-A4C1-5AAFCDF99B14}.Release|Any CPU.ActiveCfg = Release|Any CPU
		{7F594DC1-DE53-4547-A4C1-5AAFCDF99B14}.Release|Any CPU.Build.0 = Release|Any CPU
	EndGlobalSection
	GlobalSection(SolutionProperties) = preSolution
		HideSolutionNode = FALSE
	EndGlobalSection
	GlobalSection(ExtensibilityGlobals) = postSolution
		SolutionGuid = {3C2CFB2C-3BF9-4D8F-9D8D-F042C27DB286}
	EndGlobalSection
EndGlobal
